
Microsoft Visual Studio Solution File, Format Version 12.00
# Visual Studio Version 16
VisualStudioVersion = 16.0.30907.101
MinimumVisualStudioVersion = 10.0.40219.1
Project("{FAE04EC0-301F-11D3-BF4B-00C04F79EFBC}") = "PasswordPal", "PasswordPal.csproj", "{89B88333-B7AC-4995-8E12-F44D2CBC8578}"
EndProject
Global
	GlobalSection(SolutionConfigurationPlatforms) = preSolution
		Debug|Any CPU = Debug|Any CPU
		Release|Any CPU = Release|Any CPU
	EndGlobalSection
	GlobalSection(ProjectConfigurationPlatforms) = postSolution
		{89B88333-B7AC-4995-8E12-F44D2CBC8578}.Debug|Any CPU.ActiveCfg = Debug|Any CPU
		{89B88333-B7AC-4995-8E12-F44D2CBC8578}.Debug|Any CPU.Build.0 = Debug|Any CPU
		{89B88333-B7AC-4995-8E12-F44D2CBC8578}.Release|Any CPU.ActiveCfg = Release|Any CPU
		{89B88333-B7AC-4995-8E12-F44D2CBC8578}.Release|Any CPU.Build.0 = Release|Any CPU
	EndGlobalSection
	GlobalSection(SolutionProperties) = preSolution
		HideSolutionNode = FALSE
	EndGlobalSection
	GlobalSection(ExtensibilityGlobals) = postSolution
		SolutionGuid = {1A38F073-7402-4847-92B0-75D8C07E0DED}
	EndGlobalSection
EndGlobal
